
Microsoft Visual Studio Solution File, Format Version 12.00
# Visual Studio Version 16
VisualStudioVersion = 16.0.30330.147
MinimumVisualStudioVersion = 10.0.40219.1
Project("{FAE04EC0-301F-11D3-BF4B-00C04F79EFBC}") = "CSH1_Tag1_Aufgabe_02", "CSH1_Tag1_Aufgabe_02\CSH1_Tag1_Aufgabe_02.csproj", "{CCD103AB-5EC6-4547-9EDB-3E0C5AC530D2}"
EndProject
Global
	GlobalSection(SolutionConfigurationPlatforms) = preSolution
		Debug|Any CPU = Debug|Any CPU
		Release|Any CPU = Release|Any CPU
	EndGlobalSection
	GlobalSection(ProjectConfigurationPlatforms) = postSolution
		{CCD103AB-5EC6-4547-9EDB-3E0C5AC530D2}.Debug|Any CPU.ActiveCfg = Debug|Any CPU
		{CCD103AB-5EC6-4547-9EDB-3E0C5AC530D2}.Debug|Any CPU.Build.0 = Debug|Any CPU
		{CCD103AB-5EC6-4547-9EDB-3E0C5AC530D2}.Release|Any CPU.ActiveCfg = Release|Any CPU
		{CCD103AB-5EC6-4547-9EDB-3E0C5AC530D2}.Release|Any CPU.Build.0 = Release|Any CPU
	EndGlobalSection
	GlobalSection(SolutionProperties) = preSolution
		HideSolutionNode = FALSE
	EndGlobalSection
	GlobalSection(ExtensibilityGlobals) = postSolution
		SolutionGuid = {B9484128-B982-4051-B70C-5146E5DE55D8}
	EndGlobalSection
EndGlobal
